
Microsoft Visual Studio Solution File, Format Version 12.00
# Visual Studio Version 17
VisualStudioVersion = 17.5.002.0
MinimumVisualStudioVersion = 10.0.40219.1
Project("{9A19103F-16F7-4668-BE54-9A1E7A4F7556}") = "Puffin", "Puffin.csproj", "{6F7194E3-6B94-41FB-B4CA-2434FE75DE7C}"
EndProject
Global
	GlobalSection(SolutionConfigurationPlatforms) = preSolution
		Debug|Any CPU = Debug|Any CPU
		Debug|x64 = Debug|x64
		DebugLegacy|Any CPU = DebugLegacy|Any CPU
		DebugLegacy|x64 = DebugLegacy|x64
		Legacy|Any CPU = Legacy|Any CPU
		Legacy|x64 = Legacy|x64
		Release|Any CPU = Release|Any CPU
		Release|x64 = Release|x64
	EndGlobalSection
	GlobalSection(ProjectConfigurationPlatforms) = postSolution
		{6F7194E3-6B94-41FB-B4CA-2434FE75DE7C}.Debug|Any CPU.ActiveCfg = Debug|Any CPU
		{6F7194E3-6B94-41FB-B4CA-2434FE75DE7C}.Debug|Any CPU.Build.0 = Debug|Any CPU
		{6F7194E3-6B94-41FB-B4CA-2434FE75DE7C}.Debug|x64.ActiveCfg = Debug|x64
		{6F7194E3-6B94-41FB-B4CA-2434FE75DE7C}.Debug|x64.Build.0 = Debug|x64
		{6F7194E3-6B94-41FB-B4CA-2434FE75DE7C}.DebugLegacy|Any CPU.ActiveCfg = DebugLegacy|Any CPU
		{6F7194E3-6B94-41FB-B4CA-2434FE75DE7C}.DebugLegacy|Any CPU.Build.0 = DebugLegacy|Any CPU
		{6F7194E3-6B94-41FB-B4CA-2434FE75DE7C}.DebugLegacy|x64.ActiveCfg = DebugLegacy|x64
		{6F7194E3-6B94-41FB-B4CA-2434FE75DE7C}.DebugLegacy|x64.Build.0 = DebugLegacy|x64
		{6F7194E3-6B94-41FB-B4CA-2434FE75DE7C}.Legacy|Any CPU.ActiveCfg = Legacy|Any CPU
		{6F7194E3-6B94-41FB-B4CA-2434FE75DE7C}.Legacy|Any CPU.Build.0 = Legacy|Any CPU
		{6F7194E3-6B94-41FB-B4CA-2434FE75DE7C}.Legacy|x64.ActiveCfg = Legacy|x64
		{6F7194E3-6B94-41FB-B4CA-2434FE75DE7C}.Legacy|x64.Build.0 = Legacy|x64
		{6F7194E3-6B94-41FB-B4CA-2434FE75DE7C}.Release|Any CPU.ActiveCfg = Release|Any CPU
		{6F7194E3-6B94-41FB-B4CA-2434FE75DE7C}.Release|Any CPU.Build.0 = Release|Any CPU
		{6F7194E3-6B94-41FB-B4CA-2434FE75DE7C}.Release|x64.ActiveCfg = Release|x64
		{6F7194E3-6B94-41FB-B4CA-2434FE75DE7C}.Release|x64.Build.0 = Release|x64
	EndGlobalSection
	GlobalSection(SolutionProperties) = preSolution
		HideSolutionNode = FALSE
	EndGlobalSection
	GlobalSection(ExtensibilityGlobals) = postSolution
		SolutionGuid = {9F54E0F5-0087-463B-B3B2-FB3AF80EEF1F}
	EndGlobalSection
EndGlobal
